
Microsoft Visual Studio Solution File, Format Version 12.00
# Visual Studio Version 17
VisualStudioVersion = 17.2.32210.308
MinimumVisualStudioVersion = 10.0.40219.1
Project("{FAE04EC0-301F-11D3-BF4B-00C04F79EFBC}") = "WindowsFormsApp3", "WindowsFormsApp3\WindowsFormsApp3.csproj", "{EBC92BC1-D4D9-4E6A-87C1-7347AC9FBA6A}"
EndProject
Global
	GlobalSection(SolutionConfigurationPlatforms) = preSolution
		Debug|Any CPU = Debug|Any CPU
		Release|Any CPU = Release|Any CPU
	EndGlobalSection
	GlobalSection(ProjectConfigurationPlatforms) = postSolution
		{EBC92BC1-D4D9-4E6A-87C1-7347AC9FBA6A}.Debug|Any CPU.ActiveCfg = Debug|Any CPU
		{EBC92BC1-D4D9-4E6A-87C1-7347AC9FBA6A}.Debug|Any CPU.Build.0 = Debug|Any CPU
		{EBC92BC1-D4D9-4E6A-87C1-7347AC9FBA6A}.Release|Any CPU.ActiveCfg = Release|Any CPU
		{EBC92BC1-D4D9-4E6A-87C1-7347AC9FBA6A}.Release|Any CPU.Build.0 = Release|Any CPU
	EndGlobalSection
	GlobalSection(SolutionProperties) = preSolution
		HideSolutionNode = FALSE
	EndGlobalSection
	GlobalSection(ExtensibilityGlobals) = postSolution
		SolutionGuid = {ED079E72-1700-4D79-8DB2-1EA882B212A8}
	EndGlobalSection
EndGlobal
